
Microsoft Visual Studio Solution File, Format Version 12.00
# Visual Studio Version 17
VisualStudioVersion = 17.4.33213.308
MinimumVisualStudioVersion = 10.0.40219.1
Project("{FAE04EC0-301F-11D3-BF4B-00C04F79EFBC}") = "Expense Tracker", "Expense Tracker\Expense Tracker.csproj", "{9867F2FC-6094-49AA-8197-C11983845082}"
EndProject
Global
	GlobalSection(SolutionConfigurationPlatforms) = preSolution
		Debug|Any CPU = Debug|Any CPU
		Release|Any CPU = Release|Any CPU
	EndGlobalSection
	GlobalSection(ProjectConfigurationPlatforms) = postSolution
		{9867F2FC-6094-49AA-8197-C11983845082}.Debug|Any CPU.ActiveCfg = Debug|Any CPU
		{9867F2FC-6094-49AA-8197-C11983845082}.Debug|Any CPU.Build.0 = Debug|Any CPU
		{9867F2FC-6094-49AA-8197-C11983845082}.Release|Any CPU.ActiveCfg = Release|Any CPU
		{9867F2FC-6094-49AA-8197-C11983845082}.Release|Any CPU.Build.0 = Release|Any CPU
	EndGlobalSection
	GlobalSection(SolutionProperties) = preSolution
		HideSolutionNode = FALSE
	EndGlobalSection
	GlobalSection(ExtensibilityGlobals) = postSolution
		SolutionGuid = {1AF43D4F-0D60-45DA-A241-A5DDE5E4A181}
	EndGlobalSection
EndGlobal
